
Microsoft Visual Studio Solution File, Format Version 12.00
# Visual Studio Version 16
VisualStudioVersion = 16.0.30611.23
MinimumVisualStudioVersion = 10.0.40219.1
Project("{FAE04EC0-301F-11D3-BF4B-00C04F79EFBC}") = "PhotoViewer.App", "PhotoViewer.App\PhotoViewer.App.csproj", "{38265498-B6CF-4ECE-858C-729745C78D64}"
EndProject
Project("{FAE04EC0-301F-11D3-BF4B-00C04F79EFBC}") = "PhotoViewer.Data", "PhotoViewer.Data\PhotoViewer.Data.csproj", "{690F3C3D-18C4-4B31-B8CA-7810D2DEF4D2}"
EndProject
Global
	GlobalSection(SolutionConfigurationPlatforms) = preSolution
		Debug|Any CPU = Debug|Any CPU
		Release|Any CPU = Release|Any CPU
	EndGlobalSection
	GlobalSection(ProjectConfigurationPlatforms) = postSolution
		{38265498-B6CF-4ECE-858C-729745C78D64}.Debug|Any CPU.ActiveCfg = Debug|Any CPU
		{38265498-B6CF-4ECE-858C-729745C78D64}.Debug|Any CPU.Build.0 = Debug|Any CPU
		{38265498-B6CF-4ECE-858C-729745C78D64}.Release|Any CPU.ActiveCfg = Release|Any CPU
		{38265498-B6CF-4ECE-858C-729745C78D64}.Release|Any CPU.Build.0 = Release|Any CPU
		{690F3C3D-18C4-4B31-B8CA-7810D2DEF4D2}.Debug|Any CPU.ActiveCfg = Debug|Any CPU
		{690F3C3D-18C4-4B31-B8CA-7810D2DEF4D2}.Debug|Any CPU.Build.0 = Debug|Any CPU
		{690F3C3D-18C4-4B31-B8CA-7810D2DEF4D2}.Release|Any CPU.ActiveCfg = Release|Any CPU
		{690F3C3D-18C4-4B31-B8CA-7810D2DEF4D2}.Release|Any CPU.Build.0 = Release|Any CPU
	EndGlobalSection
	GlobalSection(SolutionProperties) = preSolution
		HideSolutionNode = FALSE
	EndGlobalSection
	GlobalSection(ExtensibilityGlobals) = postSolution
		SolutionGuid = {8011D089-E503-4469-911A-187CE85DAA20}
	EndGlobalSection
EndGlobal
